// !$*UTF8*$!
{
	archiveVersion = 1;
	classes = {
	};
	objectVersion = 56;
	objects = {

/* Begin PBXBuildFile section */
		BC1ED3332C33E37E00BFD44A /* AppDelegate.swift in Sources */ = {isa = PBXBuildFile; fileRef = BC1ED3322C33E37E00BFD44A /* AppDelegate.swift */; };
		BC1ED3352C33E37E00BFD44A /* SceneDelegate.swift in Sources */ = {isa = PBXBuildFile; fileRef = BC1ED3342C33E37E00BFD44A /* SceneDelegate.swift */; };
		BC1ED3372C33E37E00BFD44A /* ViewController.swift in Sources */ = {isa = PBXBuildFile; fileRef = BC1ED3362C33E37E00BFD44A /* ViewController.swift */; };
		BC1ED33C2C33E38000BFD44A /* Assets.xcassets in Resources */ = {isa = PBXBuildFile; fileRef = BC1ED33B2C33E38000BFD44A /* Assets.xcassets */; };
		BC1ED33F2C33E38000BFD44A /* Base in Resources */ = {isa = PBXBuildFile; fileRef = BC1ED33E2C33E38000BFD44A /* Base */; };
		BC1ED3482C33E47500BFD44A /* RealmSwift in Frameworks */ = {isa = PBXBuildFile; productRef = BC1ED3472C33E47500BFD44A /* RealmSwift */; };
		BC1ED34B2C33E47F00BFD44A /* SnapKit in Frameworks */ = {isa = PBXBuildFile; productRef = BC1ED34A2C33E47F00BFD44A /* SnapKit */; };
		BC1ED34E2C33E48800BFD44A /* Toast in Frameworks */ = {isa = PBXBuildFile; productRef = BC1ED34D2C33E48800BFD44A /* Toast */; };
		BC1ED3512C33E49000BFD44A /* Then in Frameworks */ = {isa = PBXBuildFile; productRef = BC1ED3502C33E49000BFD44A /* Then */; };
		BC1ED3542C33E49800BFD44A /* IQKeyboardManagerSwift in Frameworks */ = {isa = PBXBuildFile; productRef = BC1ED3532C33E49800BFD44A /* IQKeyboardManagerSwift */; };
		BC1ED35E2C33E64500BFD44A /* TodoModel.swift in Sources */ = {isa = PBXBuildFile; fileRef = BC1ED35D2C33E64500BFD44A /* TodoModel.swift */; };
		BC1ED3602C33E84700BFD44A /* TodoListViewController.swift in Sources */ = {isa = PBXBuildFile; fileRef = BC1ED35F2C33E84700BFD44A /* TodoListViewController.swift */; };
		BC1ED3632C33E89900BFD44A /* BaseView.swift in Sources */ = {isa = PBXBuildFile; fileRef = BC1ED3622C33E89900BFD44A /* BaseView.swift */; };
		BC1ED3652C33E8F200BFD44A /* BaseViewController.swift in Sources */ = {isa = PBXBuildFile; fileRef = BC1ED3642C33E8F200BFD44A /* BaseViewController.swift */; };
		BC1ED3682C33EA9F00BFD44A /* Toast.swift in Sources */ = {isa = PBXBuildFile; fileRef = BC1ED3672C33EA9F00BFD44A /* Toast.swift */; };
		BC1ED36A2C33EAF300BFD44A /* BaseTableViewCell.swift in Sources */ = {isa = PBXBuildFile; fileRef = BC1ED3692C33EAF300BFD44A /* BaseTableViewCell.swift */; };
		BC1ED36C2C33EB1500BFD44A /* TodoListView.swift in Sources */ = {isa = PBXBuildFile; fileRef = BC1ED36B2C33EB1500BFD44A /* TodoListView.swift */; };
		BC1ED36E2C33EDC800BFD44A /* TodoListTableViewController.swift in Sources */ = {isa = PBXBuildFile; fileRef = BC1ED36D2C33EDC800BFD44A /* TodoListTableViewController.swift */; };
		BC1ED3702C33EDEF00BFD44A /* TodoListTableViewCell.swift in Sources */ = {isa = PBXBuildFile; fileRef = BC1ED36F2C33EDEF00BFD44A /* TodoListTableViewCell.swift */; };
		BC1ED3742C33EE5700BFD44A /* ReusableIdentifier.swift in Sources */ = {isa = PBXBuildFile; fileRef = BC1ED3732C33EE5700BFD44A /* ReusableIdentifier.swift */; };
		BC1ED3762C33EE6600BFD44A /* ViewTransition.swift in Sources */ = {isa = PBXBuildFile; fileRef = BC1ED3752C33EE6600BFD44A /* ViewTransition.swift */; };
		BC1ED37C2C33F63800BFD44A /* MainViewController.swift in Sources */ = {isa = PBXBuildFile; fileRef = BC1ED37B2C33F63800BFD44A /* MainViewController.swift */; };
		BC1ED37E2C33F65500BFD44A /* MainView.swift in Sources */ = {isa = PBXBuildFile; fileRef = BC1ED37D2C33F65500BFD44A /* MainView.swift */; };
		BC1ED3852C33F78400BFD44A /* AddTodoViewController.swift in Sources */ = {isa = PBXBuildFile; fileRef = BC1ED3842C33F78400BFD44A /* AddTodoViewController.swift */; };
		BC1ED3872C33F79000BFD44A /* AddTodoView.swift in Sources */ = {isa = PBXBuildFile; fileRef = BC1ED3862C33F79000BFD44A /* AddTodoView.swift */; };
		BC1ED3892C33FA7800BFD44A /* AddTodoItem.swift in Sources */ = {isa = PBXBuildFile; fileRef = BC1ED3882C33FA7800BFD44A /* AddTodoItem.swift */; };
		BC1ED38C2C34149F00BFD44A /* UITextField+Extension.swift in Sources */ = {isa = PBXBuildFile; fileRef = BC1ED38B2C34149F00BFD44A /* UITextField+Extension.swift */; };
		BC1ED38E2C34159600BFD44A /* AddTodoTextField.swift in Sources */ = {isa = PBXBuildFile; fileRef = BC1ED38D2C34159600BFD44A /* AddTodoTextField.swift */; };
		BC1ED3902C3415EA00BFD44A /* AddTodoTextView.swift in Sources */ = {isa = PBXBuildFile; fileRef = BC1ED38F2C3415EA00BFD44A /* AddTodoTextView.swift */; };
		BC1ED3922C34162C00BFD44A /* AddTodoCalendarViewController.swift in Sources */ = {isa = PBXBuildFile; fileRef = BC1ED3912C34162C00BFD44A /* AddTodoCalendarViewController.swift */; };
		BC1ED3952C341B4900BFD44A /* TextInputFilter.swift in Sources */ = {isa = PBXBuildFile; fileRef = BC1ED3942C341B4900BFD44A /* TextInputFilter.swift */; };
		BC1ED3982C343AB900BFD44A /* TodoListHeaderView.swift in Sources */ = {isa = PBXBuildFile; fileRef = BC1ED3972C343AB900BFD44A /* TodoListHeaderView.swift */; };
		BC1ED39A2C34518600BFD44A /* AddTodoCalendarView.swift in Sources */ = {isa = PBXBuildFile; fileRef = BC1ED3992C34518600BFD44A /* AddTodoCalendarView.swift */; };
		BC1ED39E2C34574900BFD44A /* DataReceiveDelegate.swift in Sources */ = {isa = PBXBuildFile; fileRef = BC1ED39D2C34574900BFD44A /* DataReceiveDelegate.swift */; };
		BC1ED3A32C35342000BFD44A /* AddTodoTagViewController.swift in Sources */ = {isa = PBXBuildFile; fileRef = BC1ED3A22C35342000BFD44A /* AddTodoTagViewController.swift */; };
		BC1ED3A52C35344000BFD44A /* AddTodoTagView.swift in Sources */ = {isa = PBXBuildFile; fileRef = BC1ED3A42C35344000BFD44A /* AddTodoTagView.swift */; };
/* End PBXBuildFile section */

/* Begin PBXFileReference section */
		BC1ED32F2C33E37E00BFD44A /* Reminder.app */ = {isa = PBXFileReference; explicitFileType = wrapper.application; includeInIndex = 0; path = Reminder.app; sourceTree = BUILT_PRODUCTS_DIR; };
		BC1ED3322C33E37E00BFD44A /* AppDelegate.swift */ = {isa = PBXFileReference; lastKnownFileType = sourcecode.swift; path = AppDelegate.swift; sourceTree = "<group>"; };
		BC1ED3342C33E37E00BFD44A /* SceneDelegate.swift */ = {isa = PBXFileReference; lastKnownFileType = sourcecode.swift; path = SceneDelegate.swift; sourceTree = "<group>"; };
		BC1ED3362C33E37E00BFD44A /* ViewController.swift */ = {isa = PBXFileReference; lastKnownFileType = sourcecode.swift; path = ViewController.swift; sourceTree = "<group>"; };
		BC1ED33B2C33E38000BFD44A /* Assets.xcassets */ = {isa = PBXFileReference; lastKnownFileType = folder.assetcatalog; path = Assets.xcassets; sourceTree = "<group>"; };
		BC1ED33E2C33E38000BFD44A /* Base */ = {isa = PBXFileReference; lastKnownFileType = file.storyboard; name = Base; path = Base.lproj/LaunchScreen.storyboard; sourceTree = "<group>"; };
		BC1ED3402C33E38000BFD44A /* Info.plist */ = {isa = PBXFileReference; lastKnownFileType = text.plist.xml; path = Info.plist; sourceTree = "<group>"; };
		BC1ED35D2C33E64500BFD44A /* TodoModel.swift */ = {isa = PBXFileReference; lastKnownFileType = sourcecode.swift; path = TodoModel.swift; sourceTree = "<group>"; };
		BC1ED35F2C33E84700BFD44A /* TodoListViewController.swift */ = {isa = PBXFileReference; lastKnownFileType = sourcecode.swift; path = TodoListViewController.swift; sourceTree = "<group>"; };
		BC1ED3622C33E89900BFD44A /* BaseView.swift */ = {isa = PBXFileReference; lastKnownFileType = sourcecode.swift; path = BaseView.swift; sourceTree = "<group>"; };
		BC1ED3642C33E8F200BFD44A /* BaseViewController.swift */ = {isa = PBXFileReference; lastKnownFileType = sourcecode.swift; path = BaseViewController.swift; sourceTree = "<group>"; };
		BC1ED3672C33EA9F00BFD44A /* Toast.swift */ = {isa = PBXFileReference; lastKnownFileType = sourcecode.swift; path = Toast.swift; sourceTree = "<group>"; };
		BC1ED3692C33EAF300BFD44A /* BaseTableViewCell.swift */ = {isa = PBXFileReference; lastKnownFileType = sourcecode.swift; path = BaseTableViewCell.swift; sourceTree = "<group>"; };
		BC1ED36B2C33EB1500BFD44A /* TodoListView.swift */ = {isa = PBXFileReference; lastKnownFileType = sourcecode.swift; path = TodoListView.swift; sourceTree = "<group>"; };
		BC1ED36D2C33EDC800BFD44A /* TodoListTableViewController.swift */ = {isa = PBXFileReference; lastKnownFileType = sourcecode.swift; path = TodoListTableViewController.swift; sourceTree = "<group>"; };
		BC1ED36F2C33EDEF00BFD44A /* TodoListTableViewCell.swift */ = {isa = PBXFileReference; lastKnownFileType = sourcecode.swift; path = TodoListTableViewCell.swift; sourceTree = "<group>"; };
		BC1ED3732C33EE5700BFD44A /* ReusableIdentifier.swift */ = {isa = PBXFileReference; lastKnownFileType = sourcecode.swift; path = ReusableIdentifier.swift; sourceTree = "<group>"; };
		BC1ED3752C33EE6600BFD44A /* ViewTransition.swift */ = {isa = PBXFileReference; lastKnownFileType = sourcecode.swift; path = ViewTransition.swift; sourceTree = "<group>"; };
		BC1ED37B2C33F63800BFD44A /* MainViewController.swift */ = {isa = PBXFileReference; lastKnownFileType = sourcecode.swift; path = MainViewController.swift; sourceTree = "<group>"; };
		BC1ED37D2C33F65500BFD44A /* MainView.swift */ = {isa = PBXFileReference; lastKnownFileType = sourcecode.swift; path = MainView.swift; sourceTree = "<group>"; };
		BC1ED3842C33F78400BFD44A /* AddTodoViewController.swift */ = {isa = PBXFileReference; lastKnownFileType = sourcecode.swift; path = AddTodoViewController.swift; sourceTree = "<group>"; };
		BC1ED3862C33F79000BFD44A /* AddTodoView.swift */ = {isa = PBXFileReference; lastKnownFileType = sourcecode.swift; path = AddTodoView.swift; sourceTree = "<group>"; };
		BC1ED3882C33FA7800BFD44A /* AddTodoItem.swift */ = {isa = PBXFileReference; lastKnownFileType = sourcecode.swift; path = AddTodoItem.swift; sourceTree = "<group>"; };
		BC1ED38B2C34149F00BFD44A /* UITextField+Extension.swift */ = {isa = PBXFileReference; lastKnownFileType = sourcecode.swift; path = "UITextField+Extension.swift"; sourceTree = "<group>"; };
		BC1ED38D2C34159600BFD44A /* AddTodoTextField.swift */ = {isa = PBXFileReference; lastKnownFileType = sourcecode.swift; path = AddTodoTextField.swift; sourceTree = "<group>"; };
		BC1ED38F2C3415EA00BFD44A /* AddTodoTextView.swift */ = {isa = PBXFileReference; lastKnownFileType = sourcecode.swift; path = AddTodoTextView.swift; sourceTree = "<group>"; };
		BC1ED3912C34162C00BFD44A /* AddTodoCalendarViewController.swift */ = {isa = PBXFileReference; lastKnownFileType = sourcecode.swift; path = AddTodoCalendarViewController.swift; sourceTree = "<group>"; };
		BC1ED3942C341B4900BFD44A /* TextInputFilter.swift */ = {isa = PBXFileReference; lastKnownFileType = sourcecode.swift; path = TextInputFilter.swift; sourceTree = "<group>"; };
		BC1ED3972C343AB900BFD44A /* TodoListHeaderView.swift */ = {isa = PBXFileReference; lastKnownFileType = sourcecode.swift; path = TodoListHeaderView.swift; sourceTree = "<group>"; };
		BC1ED3992C34518600BFD44A /* AddTodoCalendarView.swift */ = {isa = PBXFileReference; lastKnownFileType = sourcecode.swift; path = AddTodoCalendarView.swift; sourceTree = "<group>"; };
		BC1ED39D2C34574900BFD44A /* DataReceiveDelegate.swift */ = {isa = PBXFileReference; lastKnownFileType = sourcecode.swift; path = DataReceiveDelegate.swift; sourceTree = "<group>"; };
		BC1ED3A22C35342000BFD44A /* AddTodoTagViewController.swift */ = {isa = PBXFileReference; lastKnownFileType = sourcecode.swift; path = AddTodoTagViewController.swift; sourceTree = "<group>"; };
		BC1ED3A42C35344000BFD44A /* AddTodoTagView.swift */ = {isa = PBXFileReference; lastKnownFileType = sourcecode.swift; path = AddTodoTagView.swift; sourceTree = "<group>"; };
/* End PBXFileReference section */

/* Begin PBXFrameworksBuildPhase section */
		BC1ED32C2C33E37E00BFD44A /* Frameworks */ = {
			isa = PBXFrameworksBuildPhase;
			buildActionMask = 2147483647;
			files = (
				BC1ED3542C33E49800BFD44A /* IQKeyboardManagerSwift in Frameworks */,
				BC1ED34E2C33E48800BFD44A /* Toast in Frameworks */,
				BC1ED3482C33E47500BFD44A /* RealmSwift in Frameworks */,
				BC1ED34B2C33E47F00BFD44A /* SnapKit in Frameworks */,
				BC1ED3512C33E49000BFD44A /* Then in Frameworks */,
			);
			runOnlyForDeploymentPostprocessing = 0;
		};
/* End PBXFrameworksBuildPhase section */

/* Begin PBXGroup section */
		BC1ED3262C33E37E00BFD44A = {
			isa = PBXGroup;
			children = (
				BC1ED3312C33E37E00BFD44A /* Reminder */,
				BC1ED3302C33E37E00BFD44A /* Products */,
			);
			sourceTree = "<group>";
		};
		BC1ED3302C33E37E00BFD44A /* Products */ = {
			isa = PBXGroup;
			children = (
				BC1ED32F2C33E37E00BFD44A /* Reminder.app */,
			);
			name = Products;
			sourceTree = "<group>";
		};
		BC1ED3312C33E37E00BFD44A /* Reminder */ = {
			isa = PBXGroup;
			children = (
				BC1ED3562C33E5AC00BFD44A /* Common */,
				BC1ED3552C33E5A100BFD44A /* Domain */,
				BC1ED3322C33E37E00BFD44A /* AppDelegate.swift */,
				BC1ED3342C33E37E00BFD44A /* SceneDelegate.swift */,
				BC1ED3362C33E37E00BFD44A /* ViewController.swift */,
				BC1ED33B2C33E38000BFD44A /* Assets.xcassets */,
				BC1ED33D2C33E38000BFD44A /* LaunchScreen.storyboard */,
				BC1ED3402C33E38000BFD44A /* Info.plist */,
			);
			path = Reminder;
			sourceTree = "<group>";
		};
		BC1ED3552C33E5A100BFD44A /* Domain */ = {
			isa = PBXGroup;
			children = (
				BC1ED3612C33E85600BFD44A /* Base */,
				BC1ED3772C33F4D100BFD44A /* Main */,
				BC1ED3802C33F74400BFD44A /* AddTodo */,
				BC1ED3572C33E5B300BFD44A /* TodoList */,
			);
			path = Domain;
			sourceTree = "<group>";
		};
		BC1ED3562C33E5AC00BFD44A /* Common */ = {
			isa = PBXGroup;
			children = (
				BC1ED3962C34296900BFD44A /* Database */,
				BC1ED3932C341B1700BFD44A /* Util */,
				BC1ED38A2C34149000BFD44A /* Extension */,
				BC1ED3722C33EE4900BFD44A /* Protocol */,
				BC1ED3662C33EA5200BFD44A /* UI */,
			);
			path = Common;
			sourceTree = "<group>";
		};
		BC1ED3572C33E5B300BFD44A /* TodoList */ = {
			isa = PBXGroup;
			children = (
				BC1ED3592C33E5D000BFD44A /* View */,
				BC1ED35A2C33E5D900BFD44A /* Controller */,
			);
			path = TodoList;
			sourceTree = "<group>";
		};
		BC1ED3582C33E5CB00BFD44A /* Model */ = {
			isa = PBXGroup;
			children = (
				BC1ED35D2C33E64500BFD44A /* TodoModel.swift */,
			);
			path = Model;
			sourceTree = "<group>";
		};
		BC1ED3592C33E5D000BFD44A /* View */ = {
			isa = PBXGroup;
			children = (
				BC1ED36B2C33EB1500BFD44A /* TodoListView.swift */,
				BC1ED36F2C33EDEF00BFD44A /* TodoListTableViewCell.swift */,
				BC1ED3972C343AB900BFD44A /* TodoListHeaderView.swift */,
			);
			path = View;
			sourceTree = "<group>";
		};
		BC1ED35A2C33E5D900BFD44A /* Controller */ = {
			isa = PBXGroup;
			children = (
				BC1ED35F2C33E84700BFD44A /* TodoListViewController.swift */,
				BC1ED36D2C33EDC800BFD44A /* TodoListTableViewController.swift */,
			);
			path = Controller;
			sourceTree = "<group>";
		};
		BC1ED3612C33E85600BFD44A /* Base */ = {
			isa = PBXGroup;
			children = (
				BC1ED3622C33E89900BFD44A /* BaseView.swift */,
				BC1ED3642C33E8F200BFD44A /* BaseViewController.swift */,
				BC1ED3692C33EAF300BFD44A /* BaseTableViewCell.swift */,
				BC1ED3672C33EA9F00BFD44A /* Toast.swift */,
			);
			path = Base;
			sourceTree = "<group>";
		};
		BC1ED3662C33EA5200BFD44A /* UI */ = {
			isa = PBXGroup;
			children = (
			);
			path = UI;
			sourceTree = "<group>";
		};
		BC1ED3722C33EE4900BFD44A /* Protocol */ = {
			isa = PBXGroup;
			children = (
				BC1ED3732C33EE5700BFD44A /* ReusableIdentifier.swift */,
				BC1ED3752C33EE6600BFD44A /* ViewTransition.swift */,
				BC1ED39D2C34574900BFD44A /* DataReceiveDelegate.swift */,
			);
			path = Protocol;
			sourceTree = "<group>";
		};
		BC1ED3772C33F4D100BFD44A /* Main */ = {
			isa = PBXGroup;
			children = (
				BC1ED3782C33F4D900BFD44A /* Model */,
				BC1ED3792C33F4DD00BFD44A /* View */,
				BC1ED37A2C33F4E000BFD44A /* Controller */,
			);
			path = Main;
			sourceTree = "<group>";
		};
		BC1ED3782C33F4D900BFD44A /* Model */ = {
			isa = PBXGroup;
			children = (
			);
			path = Model;
			sourceTree = "<group>";
		};
		BC1ED3792C33F4DD00BFD44A /* View */ = {
			isa = PBXGroup;
			children = (
				BC1ED37D2C33F65500BFD44A /* MainView.swift */,
			);
			path = View;
			sourceTree = "<group>";
		};
		BC1ED37A2C33F4E000BFD44A /* Controller */ = {
			isa = PBXGroup;
			children = (
				BC1ED37B2C33F63800BFD44A /* MainViewController.swift */,
			);
			path = Controller;
			sourceTree = "<group>";
		};
		BC1ED3802C33F74400BFD44A /* AddTodo */ = {
			isa = PBXGroup;
			children = (
				BC1ED3582C33E5CB00BFD44A /* Model */,
				BC1ED3812C33F75000BFD44A /* View */,
				BC1ED3832C33F77100BFD44A /* Controller */,
			);
			path = AddTodo;
			sourceTree = "<group>";
		};
		BC1ED3812C33F75000BFD44A /* View */ = {
			isa = PBXGroup;
			children = (
				BC1ED3862C33F79000BFD44A /* AddTodoView.swift */,
				BC1ED3882C33FA7800BFD44A /* AddTodoItem.swift */,
				BC1ED3992C34518600BFD44A /* AddTodoCalendarView.swift */,
				BC1ED3A42C35344000BFD44A /* AddTodoTagView.swift */,
			);
			path = View;
			sourceTree = "<group>";
		};
		BC1ED3832C33F77100BFD44A /* Controller */ = {
			isa = PBXGroup;
			children = (
				BC1ED3842C33F78400BFD44A /* AddTodoViewController.swift */,
				BC1ED38D2C34159600BFD44A /* AddTodoTextField.swift */,
				BC1ED38F2C3415EA00BFD44A /* AddTodoTextView.swift */,
				BC1ED3912C34162C00BFD44A /* AddTodoCalendarViewController.swift */,
				BC1ED3A22C35342000BFD44A /* AddTodoTagViewController.swift */,
			);
			path = Controller;
			sourceTree = "<group>";
		};
		BC1ED38A2C34149000BFD44A /* Extension */ = {
			isa = PBXGroup;
			children = (
				BC1ED38B2C34149F00BFD44A /* UITextField+Extension.swift */,
			);
			path = Extension;
			sourceTree = "<group>";
		};
		BC1ED3932C341B1700BFD44A /* Util */ = {
			isa = PBXGroup;
			children = (
				BC1ED3942C341B4900BFD44A /* TextInputFilter.swift */,
			);
			path = Util;
			sourceTree = "<group>";
		};
		BC1ED3962C34296900BFD44A /* Database */ = {
			isa = PBXGroup;
			children = (
			);
			path = Database;
			sourceTree = "<group>";
		};
/* End PBXGroup section */

/* Begin PBXNativeTarget section */
		BC1ED32E2C33E37E00BFD44A /* Reminder */ = {
			isa = PBXNativeTarget;
			buildConfigurationList = BC1ED3432C33E38000BFD44A /* Build configuration list for PBXNativeTarget "Reminder" */;
			buildPhases = (
				BC1ED32B2C33E37E00BFD44A /* Sources */,
				BC1ED32C2C33E37E00BFD44A /* Frameworks */,
				BC1ED32D2C33E37E00BFD44A /* Resources */,
			);
			buildRules = (
			);
			dependencies = (
			);
			name = Reminder;
			packageProductDependencies = (
				BC1ED3472C33E47500BFD44A /* RealmSwift */,
				BC1ED34A2C33E47F00BFD44A /* SnapKit */,
				BC1ED34D2C33E48800BFD44A /* Toast */,
				BC1ED3502C33E49000BFD44A /* Then */,
				BC1ED3532C33E49800BFD44A /* IQKeyboardManagerSwift */,
			);
			productName = Reminder;
			productReference = BC1ED32F2C33E37E00BFD44A /* Reminder.app */;
			productType = "com.apple.product-type.application";
		};
/* End PBXNativeTarget section */

/* Begin PBXProject section */
		BC1ED3272C33E37E00BFD44A /* Project object */ = {
			isa = PBXProject;
			attributes = {
				BuildIndependentTargetsInParallel = 1;
				LastSwiftUpdateCheck = 1540;
				LastUpgradeCheck = 1540;
				TargetAttributes = {
					BC1ED32E2C33E37E00BFD44A = {
						CreatedOnToolsVersion = 15.4;
					};
				};
			};
			buildConfigurationList = BC1ED32A2C33E37E00BFD44A /* Build configuration list for PBXProject "Reminder" */;
			compatibilityVersion = "Xcode 14.0";
			developmentRegion = en;
			hasScannedForEncodings = 0;
			knownRegions = (
				en,
				Base,
			);
			mainGroup = BC1ED3262C33E37E00BFD44A;
			packageReferences = (
				BC1ED3462C33E47500BFD44A /* XCRemoteSwiftPackageReference "realm-swift" */,
				BC1ED3492C33E47F00BFD44A /* XCRemoteSwiftPackageReference "SnapKit" */,
				BC1ED34C2C33E48800BFD44A /* XCRemoteSwiftPackageReference "Toast-Swift" */,
				BC1ED34F2C33E49000BFD44A /* XCRemoteSwiftPackageReference "Then" */,
				BC1ED3522C33E49800BFD44A /* XCRemoteSwiftPackageReference "IQKeyboardManager" */,
			);
			productRefGroup = BC1ED3302C33E37E00BFD44A /* Products */;
			projectDirPath = "";
			projectRoot = "";
			targets = (
				BC1ED32E2C33E37E00BFD44A /* Reminder */,
			);
		};
/* End PBXProject section */

/* Begin PBXResourcesBuildPhase section */
		BC1ED32D2C33E37E00BFD44A /* Resources */ = {
			isa = PBXResourcesBuildPhase;
			buildActionMask = 2147483647;
			files = (
				BC1ED33C2C33E38000BFD44A /* Assets.xcassets in Resources */,
				BC1ED33F2C33E38000BFD44A /* Base in Resources */,
			);
			runOnlyForDeploymentPostprocessing = 0;
		};
/* End PBXResourcesBuildPhase section */

/* Begin PBXSourcesBuildPhase section */
		BC1ED32B2C33E37E00BFD44A /* Sources */ = {
			isa = PBXSourcesBuildPhase;
			buildActionMask = 2147483647;
			files = (
				BC1ED3902C3415EA00BFD44A /* AddTodoTextView.swift in Sources */,
				BC1ED3372C33E37E00BFD44A /* ViewController.swift in Sources */,
				BC1ED3682C33EA9F00BFD44A /* Toast.swift in Sources */,
				BC1ED3872C33F79000BFD44A /* AddTodoView.swift in Sources */,
				BC1ED36C2C33EB1500BFD44A /* TodoListView.swift in Sources */,
				BC1ED36E2C33EDC800BFD44A /* TodoListTableViewController.swift in Sources */,
				BC1ED38C2C34149F00BFD44A /* UITextField+Extension.swift in Sources */,
				BC1ED35E2C33E64500BFD44A /* TodoModel.swift in Sources */,
				BC1ED39E2C34574900BFD44A /* DataReceiveDelegate.swift in Sources */,
				BC1ED3762C33EE6600BFD44A /* ViewTransition.swift in Sources */,
				BC1ED3852C33F78400BFD44A /* AddTodoViewController.swift in Sources */,
				BC1ED3A32C35342000BFD44A /* AddTodoTagViewController.swift in Sources */,
				BC1ED39A2C34518600BFD44A /* AddTodoCalendarView.swift in Sources */,
				BC1ED3332C33E37E00BFD44A /* AppDelegate.swift in Sources */,
				BC1ED3742C33EE5700BFD44A /* ReusableIdentifier.swift in Sources */,
				BC1ED36A2C33EAF300BFD44A /* BaseTableViewCell.swift in Sources */,
				BC1ED37E2C33F65500BFD44A /* MainView.swift in Sources */,
				BC1ED37C2C33F63800BFD44A /* MainViewController.swift in Sources */,
				BC1ED3982C343AB900BFD44A /* TodoListHeaderView.swift in Sources */,
				BC1ED3632C33E89900BFD44A /* BaseView.swift in Sources */,
				BC1ED38E2C34159600BFD44A /* AddTodoTextField.swift in Sources */,
				BC1ED3922C34162C00BFD44A /* AddTodoCalendarViewController.swift in Sources */,
				BC1ED3352C33E37E00BFD44A /* SceneDelegate.swift in Sources */,
				BC1ED3952C341B4900BFD44A /* TextInputFilter.swift in Sources */,
				BC1ED3A52C35344000BFD44A /* AddTodoTagView.swift in Sources */,
				BC1ED3652C33E8F200BFD44A /* BaseViewController.swift in Sources */,
				BC1ED3602C33E84700BFD44A /* TodoListViewController.swift in Sources */,
				BC1ED3702C33EDEF00BFD44A /* TodoListTableViewCell.swift in Sources */,
				BC1ED3892C33FA7800BFD44A /* AddTodoItem.swift in Sources */,
			);
			runOnlyForDeploymentPostprocessing = 0;
		};
/* End PBXSourcesBuildPhase section */

/* Begin PBXVariantGroup section */
		BC1ED33D2C33E38000BFD44A /* LaunchScreen.storyboard */ = {
			isa = PBXVariantGroup;
			children = (
				BC1ED33E2C33E38000BFD44A /* Base */,
			);
			name = LaunchScreen.storyboard;
			sourceTree = "<group>";
		};
/* End PBXVariantGroup section */

/* Begin XCBuildConfiguration section */
		BC1ED3412C33E38000BFD44A /* Debug */ = {
			isa = XCBuildConfiguration;
			buildSettings = {
				ALWAYS_SEARCH_USER_PATHS = NO;
				ASSETCATALOG_COMPILER_GENERATE_SWIFT_ASSET_SYMBOL_EXTENSIONS = YES;
				CLANG_ANALYZER_NONNULL = YES;
				CLANG_ANALYZER_NUMBER_OBJECT_CONVERSION = YES_AGGRESSIVE;
				CLANG_CXX_LANGUAGE_STANDARD = "gnu++20";
				CLANG_ENABLE_MODULES = YES;
				CLANG_ENABLE_OBJC_ARC = YES;
				CLANG_ENABLE_OBJC_WEAK = YES;
				CLANG_WARN_BLOCK_CAPTURE_AUTORELEASING = YES;
				CLANG_WARN_BOOL_CONVERSION = YES;
				CLANG_WARN_COMMA = YES;
				CLANG_WARN_CONSTANT_CONVERSION = YES;
				CLANG_WARN_DEPRECATED_OBJC_IMPLEMENTATIONS = YES;
				CLANG_WARN_DIRECT_OBJC_ISA_USAGE = YES_ERROR;
				CLANG_WARN_DOCUMENTATION_COMMENTS = YES;
				CLANG_WARN_EMPTY_BODY = YES;
				CLANG_WARN_ENUM_CONVERSION = YES;
				CLANG_WARN_INFINITE_RECURSION = YES;
				CLANG_WARN_INT_CONVERSION = YES;
				CLANG_WARN_NON_LITERAL_NULL_CONVERSION = YES;
				CLANG_WARN_OBJC_IMPLICIT_RETAIN_SELF = YES;
				CLANG_WARN_OBJC_LITERAL_CONVERSION = YES;
				CLANG_WARN_OBJC_ROOT_CLASS = YES_ERROR;
				CLANG_WARN_QUOTED_INCLUDE_IN_FRAMEWORK_HEADER = YES;
				CLANG_WARN_RANGE_LOOP_ANALYSIS = YES;
				CLANG_WARN_STRICT_PROTOTYPES = YES;
				CLANG_WARN_SUSPICIOUS_MOVE = YES;
				CLANG_WARN_UNGUARDED_AVAILABILITY = YES_AGGRESSIVE;
				CLANG_WARN_UNREACHABLE_CODE = YES;
				CLANG_WARN__DUPLICATE_METHOD_MATCH = YES;
				COPY_PHASE_STRIP = NO;
				DEBUG_INFORMATION_FORMAT = dwarf;
				ENABLE_STRICT_OBJC_MSGSEND = YES;
				ENABLE_TESTABILITY = YES;
				ENABLE_USER_SCRIPT_SANDBOXING = YES;
				GCC_C_LANGUAGE_STANDARD = gnu17;
				GCC_DYNAMIC_NO_PIC = NO;
				GCC_NO_COMMON_BLOCKS = YES;
				GCC_OPTIMIZATION_LEVEL = 0;
				GCC_PREPROCESSOR_DEFINITIONS = (
					"DEBUG=1",
					"$(inherited)",
				);
				GCC_WARN_64_TO_32_BIT_CONVERSION = YES;
				GCC_WARN_ABOUT_RETURN_TYPE = YES_ERROR;
				GCC_WARN_UNDECLARED_SELECTOR = YES;
				GCC_WARN_UNINITIALIZED_AUTOS = YES_AGGRESSIVE;
				GCC_WARN_UNUSED_FUNCTION = YES;
				GCC_WARN_UNUSED_VARIABLE = YES;
				IPHONEOS_DEPLOYMENT_TARGET = 17.5;
				LOCALIZATION_PREFERS_STRING_CATALOGS = YES;
				MTL_ENABLE_DEBUG_INFO = INCLUDE_SOURCE;
				MTL_FAST_MATH = YES;
				ONLY_ACTIVE_ARCH = YES;
				SDKROOT = iphoneos;
				SWIFT_ACTIVE_COMPILATION_CONDITIONS = "DEBUG $(inherited)";
				SWIFT_OPTIMIZATION_LEVEL = "-Onone";
			};
			name = Debug;
		};
		BC1ED3422C33E38000BFD44A /* Release */ = {
			isa = XCBuildConfiguration;
			buildSettings = {
				ALWAYS_SEARCH_USER_PATHS = NO;
				ASSETCATALOG_COMPILER_GENERATE_SWIFT_ASSET_SYMBOL_EXTENSIONS = YES;
				CLANG_ANALYZER_NONNULL = YES;
				CLANG_ANALYZER_NUMBER_OBJECT_CONVERSION = YES_AGGRESSIVE;
				CLANG_CXX_LANGUAGE_STANDARD = "gnu++20";
				CLANG_ENABLE_MODULES = YES;
				CLANG_ENABLE_OBJC_ARC = YES;
				CLANG_ENABLE_OBJC_WEAK = YES;
				CLANG_WARN_BLOCK_CAPTURE_AUTORELEASING = YES;
				CLANG_WARN_BOOL_CONVERSION = YES;
				CLANG_WARN_COMMA = YES;
				CLANG_WARN_CONSTANT_CONVERSION = YES;
				CLANG_WARN_DEPRECATED_OBJC_IMPLEMENTATIONS = YES;
				CLANG_WARN_DIRECT_OBJC_ISA_USAGE = YES_ERROR;
				CLANG_WARN_DOCUMENTATION_COMMENTS = YES;
				CLANG_WARN_EMPTY_BODY = YES;
				CLANG_WARN_ENUM_CONVERSION = YES;
				CLANG_WARN_INFINITE_RECURSION = YES;
				CLANG_WARN_INT_CONVERSION = YES;
				CLANG_WARN_NON_LITERAL_NULL_CONVERSION = YES;
				CLANG_WARN_OBJC_IMPLICIT_RETAIN_SELF = YES;
				CLANG_WARN_OBJC_LITERAL_CONVERSION = YES;
				CLANG_WARN_OBJC_ROOT_CLASS = YES_ERROR;
				CLANG_WARN_QUOTED_INCLUDE_IN_FRAMEWORK_HEADER = YES;
				CLANG_WARN_RANGE_LOOP_ANALYSIS = YES;
				CLANG_WARN_STRICT_PROTOTYPES = YES;
				CLANG_WARN_SUSPICIOUS_MOVE = YES;
				CLANG_WARN_UNGUARDED_AVAILABILITY = YES_AGGRESSIVE;
				CLANG_WARN_UNREACHABLE_CODE = YES;
				CLANG_WARN__DUPLICATE_METHOD_MATCH = YES;
				COPY_PHASE_STRIP = NO;
				DEBUG_INFORMATION_FORMAT = "dwarf-with-dsym";
				ENABLE_NS_ASSERTIONS = NO;
				ENABLE_STRICT_OBJC_MSGSEND = YES;
				ENABLE_USER_SCRIPT_SANDBOXING = YES;
				GCC_C_LANGUAGE_STANDARD = gnu17;
				GCC_NO_COMMON_BLOCKS = YES;
				GCC_WARN_64_TO_32_BIT_CONVERSION = YES;
				GCC_WARN_ABOUT_RETURN_TYPE = YES_ERROR;
				GCC_WARN_UNDECLARED_SELECTOR = YES;
				GCC_WARN_UNINITIALIZED_AUTOS = YES_AGGRESSIVE;
				GCC_WARN_UNUSED_FUNCTION = YES;
				GCC_WARN_UNUSED_VARIABLE = YES;
				IPHONEOS_DEPLOYMENT_TARGET = 17.5;
				LOCALIZATION_PREFERS_STRING_CATALOGS = YES;
				MTL_ENABLE_DEBUG_INFO = NO;
				MTL_FAST_MATH = YES;
				SDKROOT = iphoneos;
				SWIFT_COMPILATION_MODE = wholemodule;
				VALIDATE_PRODUCT = YES;
			};
			name = Release;
		};
		BC1ED3442C33E38000BFD44A /* Debug */ = {
			isa = XCBuildConfiguration;
			buildSettings = {
				ASSETCATALOG_COMPILER_APPICON_NAME = AppIcon;
				ASSETCATALOG_COMPILER_GLOBAL_ACCENT_COLOR_NAME = AccentColor;
				CODE_SIGN_STYLE = Automatic;
				CURRENT_PROJECT_VERSION = 1;
				DEVELOPMENT_TEAM = F8FT97JYZT;
				GENERATE_INFOPLIST_FILE = YES;
				INFOPLIST_FILE = Reminder/Info.plist;
				INFOPLIST_KEY_UIApplicationSupportsIndirectInputEvents = YES;
				INFOPLIST_KEY_UILaunchStoryboardName = LaunchScreen;
				INFOPLIST_KEY_UISupportedInterfaceOrientations = UIInterfaceOrientationPortrait;
				INFOPLIST_KEY_UISupportedInterfaceOrientations_iPad = UIInterfaceOrientationPortrait;
				IPHONEOS_DEPLOYMENT_TARGET = 16.0;
				LD_RUNPATH_SEARCH_PATHS = (
					"$(inherited)",
					"@executable_path/Frameworks",
				);
				MARKETING_VERSION = 1.0;
				PRODUCT_BUNDLE_IDENTIFIER = tunastorm.Reminder;
				PRODUCT_NAME = "$(TARGET_NAME)";
				SUPPORTED_PLATFORMS = "iphoneos iphonesimulator";
				SUPPORTS_MACCATALYST = NO;
				SUPPORTS_MAC_DESIGNED_FOR_IPHONE_IPAD = NO;
				SUPPORTS_XR_DESIGNED_FOR_IPHONE_IPAD = NO;
				SWIFT_EMIT_LOC_STRINGS = YES;
				SWIFT_VERSION = 5.0;
				TARGETED_DEVICE_FAMILY = 1;
			};
			name = Debug;
		};
		BC1ED3452C33E38000BFD44A /* Release */ = {
			isa = XCBuildConfiguration;
			buildSettings = {
				ASSETCATALOG_COMPILER_APPICON_NAME = AppIcon;
				ASSETCATALOG_COMPILER_GLOBAL_ACCENT_COLOR_NAME = AccentColor;
				CODE_SIGN_STYLE = Automatic;
				CURRENT_PROJECT_VERSION = 1;
				DEVELOPMENT_TEAM = F8FT97JYZT;
				GENERATE_INFOPLIST_FILE = YES;
				INFOPLIST_FILE = Reminder/Info.plist;
				INFOPLIST_KEY_UIApplicationSupportsIndirectInputEvents = YES;
				INFOPLIST_KEY_UILaunchStoryboardName = LaunchScreen;
				INFOPLIST_KEY_UISupportedInterfaceOrientations = UIInterfaceOrientationPortrait;
				INFOPLIST_KEY_UISupportedInterfaceOrientations_iPad = UIInterfaceOrientationPortrait;
				IPHONEOS_DEPLOYMENT_TARGET = 16.0;
				LD_RUNPATH_SEARCH_PATHS = (
					"$(inherited)",
					"@executable_path/Frameworks",
				);
				MARKETING_VERSION = 1.0;
				PRODUCT_BUNDLE_IDENTIFIER = tunastorm.Reminder;
				PRODUCT_NAME = "$(TARGET_NAME)";
				SUPPORTED_PLATFORMS = "iphoneos iphonesimulator";
				SUPPORTS_MACCATALYST = NO;
				SUPPORTS_MAC_DESIGNED_FOR_IPHONE_IPAD = NO;
				SUPPORTS_XR_DESIGNED_FOR_IPHONE_IPAD = NO;
				SWIFT_EMIT_LOC_STRINGS = YES;
				SWIFT_VERSION = 5.0;
				TARGETED_DEVICE_FAMILY = 1;
			};
			name = Release;
		};
/* End XCBuildConfiguration section */

/* Begin XCConfigurationList section */
		BC1ED32A2C33E37E00BFD44A /* Build configuration list for PBXProject "Reminder" */ = {
			isa = XCConfigurationList;
			buildConfigurations = (
				BC1ED3412C33E38000BFD44A /* Debug */,
				BC1ED3422C33E38000BFD44A /* Release */,
			);
			defaultConfigurationIsVisible = 0;
			defaultConfigurationName = Release;
		};
		BC1ED3432C33E38000BFD44A /* Build configuration list for PBXNativeTarget "Reminder" */ = {
			isa = XCConfigurationList;
			buildConfigurations = (
				BC1ED3442C33E38000BFD44A /* Debug */,
				BC1ED3452C33E38000BFD44A /* Release */,
			);
			defaultConfigurationIsVisible = 0;
			defaultConfigurationName = Release;
		};
/* End XCConfigurationList section */

/* Begin XCRemoteSwiftPackageReference section */
		BC1ED3462C33E47500BFD44A /* XCRemoteSwiftPackageReference "realm-swift" */ = {
			isa = XCRemoteSwiftPackageReference;
			repositoryURL = "https://github.com/realm/realm-swift.git";
			requirement = {
				kind = exactVersion;
				version = 10.52.1;
			};
		};
		BC1ED3492C33E47F00BFD44A /* XCRemoteSwiftPackageReference "SnapKit" */ = {
			isa = XCRemoteSwiftPackageReference;
			repositoryURL = "https://github.com/SnapKit/SnapKit.git";
			requirement = {
				kind = upToNextMajorVersion;
				minimumVersion = 5.7.1;
			};
		};
		BC1ED34C2C33E48800BFD44A /* XCRemoteSwiftPackageReference "Toast-Swift" */ = {
			isa = XCRemoteSwiftPackageReference;
			repositoryURL = "https://github.com/scalessec/Toast-Swift.git";
			requirement = {
				kind = upToNextMajorVersion;
				minimumVersion = 5.1.1;
			};
		};
		BC1ED34F2C33E49000BFD44A /* XCRemoteSwiftPackageReference "Then" */ = {
			isa = XCRemoteSwiftPackageReference;
			repositoryURL = "https://github.com/devxoul/Then.git";
			requirement = {
				kind = upToNextMajorVersion;
				minimumVersion = 3.0.0;
			};
		};
		BC1ED3522C33E49800BFD44A /* XCRemoteSwiftPackageReference "IQKeyboardManager" */ = {
			isa = XCRemoteSwiftPackageReference;
			repositoryURL = "https://github.com/hackiftekhar/IQKeyboardManager.git";
			requirement = {
				kind = upToNextMajorVersion;
				minimumVersion = 7.0.3;
			};
		};
/* End XCRemoteSwiftPackageReference section */

/* Begin XCSwiftPackageProductDependency section */
		BC1ED3472C33E47500BFD44A /* RealmSwift */ = {
			isa = XCSwiftPackageProductDependency;
			package = BC1ED3462C33E47500BFD44A /* XCRemoteSwiftPackageReference "realm-swift" */;
			productName = RealmSwift;
		};
		BC1ED34A2C33E47F00BFD44A /* SnapKit */ = {
			isa = XCSwiftPackageProductDependency;
			package = BC1ED3492C33E47F00BFD44A /* XCRemoteSwiftPackageReference "SnapKit" */;
			productName = SnapKit;
		};
		BC1ED34D2C33E48800BFD44A /* Toast */ = {
			isa = XCSwiftPackageProductDependency;
			package = BC1ED34C2C33E48800BFD44A /* XCRemoteSwiftPackageReference "Toast-Swift" */;
			productName = Toast;
		};
		BC1ED3502C33E49000BFD44A /* Then */ = {
			isa = XCSwiftPackageProductDependency;
			package = BC1ED34F2C33E49000BFD44A /* XCRemoteSwiftPackageReference "Then" */;
			productName = Then;
		};
		BC1ED3532C33E49800BFD44A /* IQKeyboardManagerSwift */ = {
			isa = XCSwiftPackageProductDependency;
			package = BC1ED3522C33E49800BFD44A /* XCRemoteSwiftPackageReference "IQKeyboardManager" */;
			productName = IQKeyboardManagerSwift;
		};
/* End XCSwiftPackageProductDependency section */
	};
	rootObject = BC1ED3272C33E37E00BFD44A /* Project object */;
}
